
Microsoft Visual Studio Solution File, Format Version 12.00
# Visual Studio 15
VisualStudioVersion = 15.0.28307.421
MinimumVisualStudioVersion = 10.0.40219.1
Project("{FAE04EC0-301F-11D3-BF4B-00C04F79EFBC}") = "RedBlackTree", "RedBlackTree\RedBlackTree.csproj", "{48DE72B5-0106-4F53-AB94-696A7EAB096D}"
EndProject
Global
	GlobalSection(SolutionConfigurationPlatforms) = preSolution
		Debug|Any CPU = Debug|Any CPU
		Release|Any CPU = Release|Any CPU
	EndGlobalSection
	GlobalSection(ProjectConfigurationPlatforms) = postSolution
		{48DE72B5-0106-4F53-AB94-696A7EAB096D}.Debug|Any CPU.ActiveCfg = Debug|Any CPU
		{48DE72B5-0106-4F53-AB94-696A7EAB096D}.Debug|Any CPU.Build.0 = Debug|Any CPU
		{48DE72B5-0106-4F53-AB94-696A7EAB096D}.Release|Any CPU.ActiveCfg = Release|Any CPU
		{48DE72B5-0106-4F53-AB94-696A7EAB096D}.Release|Any CPU.Build.0 = Release|Any CPU
	EndGlobalSection
	GlobalSection(SolutionProperties) = preSolution
		HideSolutionNode = FALSE
	EndGlobalSection
	GlobalSection(ExtensibilityGlobals) = postSolution
		SolutionGuid = {188ABCBA-F151-45AE-AA3F-82C1E91CDCFC}
	EndGlobalSection
EndGlobal
